
Microsoft Visual Studio Solution File, Format Version 12.00
# Visual Studio Version 17
VisualStudioVersion = 17.3.32929.385
MinimumVisualStudioVersion = 10.0.40219.1
Project("{FAE04EC0-301F-11D3-BF4B-00C04F79EFBC}") = "FinalDraft", "FinalDraft.csproj", "{BCF1EBBD-C78E-4B78-B3D8-119D8E86C030}"
EndProject
Global
	GlobalSection(SolutionConfigurationPlatforms) = preSolution
		Debug|Any CPU = Debug|Any CPU
		Release|Any CPU = Release|Any CPU
	EndGlobalSection
	GlobalSection(ProjectConfigurationPlatforms) = postSolution
		{BCF1EBBD-C78E-4B78-B3D8-119D8E86C030}.Debug|Any CPU.ActiveCfg = Debug|Any CPU
		{BCF1EBBD-C78E-4B78-B3D8-119D8E86C030}.Debug|Any CPU.Build.0 = Debug|Any CPU
		{BCF1EBBD-C78E-4B78-B3D8-119D8E86C030}.Release|Any CPU.ActiveCfg = Release|Any CPU
		{BCF1EBBD-C78E-4B78-B3D8-119D8E86C030}.Release|Any CPU.Build.0 = Release|Any CPU
	EndGlobalSection
	GlobalSection(SolutionProperties) = preSolution
		HideSolutionNode = FALSE
	EndGlobalSection
	GlobalSection(ExtensibilityGlobals) = postSolution
		SolutionGuid = {C59E70D6-BD0A-451B-BF94-ECE0DBFBD98C}
	EndGlobalSection
EndGlobal
